
Microsoft Visual Studio Solution File, Format Version 12.00
# Visual Studio Version 17
VisualStudioVersion = 17.4.33122.133
MinimumVisualStudioVersion = 10.0.40219.1
Project("{FAE04EC0-301F-11D3-BF4B-00C04F79EFBC}") = "Pig Latin TA", "Pig Latin TA\Pig Latin TA.csproj", "{77320B3F-CB3A-489A-9F6B-FC42BA5028DC}"
EndProject
Global
	GlobalSection(SolutionConfigurationPlatforms) = preSolution
		Debug|Any CPU = Debug|Any CPU
		Release|Any CPU = Release|Any CPU
	EndGlobalSection
	GlobalSection(ProjectConfigurationPlatforms) = postSolution
		{77320B3F-CB3A-489A-9F6B-FC42BA5028DC}.Debug|Any CPU.ActiveCfg = Debug|Any CPU
		{77320B3F-CB3A-489A-9F6B-FC42BA5028DC}.Debug|Any CPU.Build.0 = Debug|Any CPU
		{77320B3F-CB3A-489A-9F6B-FC42BA5028DC}.Release|Any CPU.ActiveCfg = Release|Any CPU
		{77320B3F-CB3A-489A-9F6B-FC42BA5028DC}.Release|Any CPU.Build.0 = Release|Any CPU
	EndGlobalSection
	GlobalSection(SolutionProperties) = preSolution
		HideSolutionNode = FALSE
	EndGlobalSection
	GlobalSection(ExtensibilityGlobals) = postSolution
		SolutionGuid = {CBD6FBAC-6FA2-431A-A16D-CB1601B5235D}
	EndGlobalSection
EndGlobal
